
Microsoft Visual Studio Solution File, Format Version 12.00
# Visual Studio Version 17
VisualStudioVersion = 17.0.32014.148
MinimumVisualStudioVersion = 10.0.40219.1
Project("{9A19103F-16F7-4668-BE54-9A1E7A4F7556}") = "MoonrakerSharpWebApi", "MoonrakerSharpWebApi\MoonrakerSharpWebApi.csproj", "{E9C9645B-C3B7-4727-9524-2870A4A01E5C}"
EndProject
Project("{9A19103F-16F7-4668-BE54-9A1E7A4F7556}") = "MoonrakerSharpWebApiTest", "MoonrakerSharpWebApiTest\MoonrakerSharpWebApiTest.csproj", "{141A5CFD-0D86-47B8-908C-718F585A3DAA}"
EndProject
Global
	GlobalSection(SolutionConfigurationPlatforms) = preSolution
		Debug|Any CPU = Debug|Any CPU
		Release|Any CPU = Release|Any CPU
	EndGlobalSection
	GlobalSection(ProjectConfigurationPlatforms) = postSolution
		{E9C9645B-C3B7-4727-9524-2870A4A01E5C}.Debug|Any CPU.ActiveCfg = Debug|Any CPU
		{E9C9645B-C3B7-4727-9524-2870A4A01E5C}.Debug|Any CPU.Build.0 = Debug|Any CPU
		{E9C9645B-C3B7-4727-9524-2870A4A01E5C}.Release|Any CPU.ActiveCfg = Release|Any CPU
		{E9C9645B-C3B7-4727-9524-2870A4A01E5C}.Release|Any CPU.Build.0 = Release|Any CPU
		{141A5CFD-0D86-47B8-908C-718F585A3DAA}.Debug|Any CPU.ActiveCfg = Debug|Any CPU
		{141A5CFD-0D86-47B8-908C-718F585A3DAA}.Debug|Any CPU.Build.0 = Debug|Any CPU
		{141A5CFD-0D86-47B8-908C-718F585A3DAA}.Release|Any CPU.ActiveCfg = Release|Any CPU
		{141A5CFD-0D86-47B8-908C-718F585A3DAA}.Release|Any CPU.Build.0 = Release|Any CPU
	EndGlobalSection
	GlobalSection(SolutionProperties) = preSolution
		HideSolutionNode = FALSE
	EndGlobalSection
	GlobalSection(ExtensibilityGlobals) = postSolution
		SolutionGuid = {9303EC59-6D76-4828-AA2D-504DAC5FD30B}
	EndGlobalSection
EndGlobal
